
Microsoft Visual Studio Solution File, Format Version 12.00
# Visual Studio Version 17
VisualStudioVersion = 17.3.32929.385
MinimumVisualStudioVersion = 10.0.40219.1
Project("{FAE04EC0-301F-11D3-BF4B-00C04F79EFBC}") = "AA_DiceReader", "AA_DiceReader.csproj", "{1508AFB3-E516-4291-92A2-574585A03896}"
EndProject
Global
	GlobalSection(SolutionConfigurationPlatforms) = preSolution
		Debug|Any CPU = Debug|Any CPU
		Release|Any CPU = Release|Any CPU
	EndGlobalSection
	GlobalSection(ProjectConfigurationPlatforms) = postSolution
		{1508AFB3-E516-4291-92A2-574585A03896}.Debug|Any CPU.ActiveCfg = Debug|Any CPU
		{1508AFB3-E516-4291-92A2-574585A03896}.Debug|Any CPU.Build.0 = Debug|Any CPU
		{1508AFB3-E516-4291-92A2-574585A03896}.Release|Any CPU.ActiveCfg = Release|Any CPU
		{1508AFB3-E516-4291-92A2-574585A03896}.Release|Any CPU.Build.0 = Release|Any CPU
	EndGlobalSection
	GlobalSection(SolutionProperties) = preSolution
		HideSolutionNode = FALSE
	EndGlobalSection
	GlobalSection(ExtensibilityGlobals) = postSolution
		SolutionGuid = {0A1F7A5C-09AB-4FB0-A31D-53464555AA52}
	EndGlobalSection
EndGlobal
